
Microsoft Visual Studio Solution File, Format Version 12.00
Project("{FAE04EC0-301F-11D3-BF4B-00C04F79EFBC}") = "WebAPI", "WebAPI\WebAPI.csproj", "{E2ADDCF6-1CCA-484B-A7F1-95C8D08F4F4D}"
EndProject
Project("{FAE04EC0-301F-11D3-BF4B-00C04F79EFBC}") = "DAL", "DAL\DAL.csproj", "{E879E123-1F85-4399-B9AD-6F9AFA93BD72}"
EndProject
Project("{FAE04EC0-301F-11D3-BF4B-00C04F79EFBC}") = "BLL", "BLL\BLL.csproj", "{4E5085DC-46E1-495E-814D-7BFCEB77FD90}"
EndProject
Project("{FAE04EC0-301F-11D3-BF4B-00C04F79EFBC}") = "DTO", "DTO\DTO.csproj", "{D9BDE8AA-6437-4935-8BB9-CF83CDFD5A68}"
EndProject
Global
	GlobalSection(SolutionConfigurationPlatforms) = preSolution
		Debug|Any CPU = Debug|Any CPU
		Release|Any CPU = Release|Any CPU
	EndGlobalSection
	GlobalSection(ProjectConfigurationPlatforms) = postSolution
		{E2ADDCF6-1CCA-484B-A7F1-95C8D08F4F4D}.Debug|Any CPU.ActiveCfg = Debug|Any CPU
		{E2ADDCF6-1CCA-484B-A7F1-95C8D08F4F4D}.Debug|Any CPU.Build.0 = Debug|Any CPU
		{E2ADDCF6-1CCA-484B-A7F1-95C8D08F4F4D}.Release|Any CPU.ActiveCfg = Release|Any CPU
		{E2ADDCF6-1CCA-484B-A7F1-95C8D08F4F4D}.Release|Any CPU.Build.0 = Release|Any CPU
		{E879E123-1F85-4399-B9AD-6F9AFA93BD72}.Debug|Any CPU.ActiveCfg = Debug|Any CPU
		{E879E123-1F85-4399-B9AD-6F9AFA93BD72}.Debug|Any CPU.Build.0 = Debug|Any CPU
		{E879E123-1F85-4399-B9AD-6F9AFA93BD72}.Release|Any CPU.ActiveCfg = Release|Any CPU
		{E879E123-1F85-4399-B9AD-6F9AFA93BD72}.Release|Any CPU.Build.0 = Release|Any CPU
		{4E5085DC-46E1-495E-814D-7BFCEB77FD90}.Debug|Any CPU.ActiveCfg = Debug|Any CPU
		{4E5085DC-46E1-495E-814D-7BFCEB77FD90}.Debug|Any CPU.Build.0 = Debug|Any CPU
		{4E5085DC-46E1-495E-814D-7BFCEB77FD90}.Release|Any CPU.ActiveCfg = Release|Any CPU
		{4E5085DC-46E1-495E-814D-7BFCEB77FD90}.Release|Any CPU.Build.0 = Release|Any CPU
		{D9BDE8AA-6437-4935-8BB9-CF83CDFD5A68}.Debug|Any CPU.ActiveCfg = Debug|Any CPU
		{D9BDE8AA-6437-4935-8BB9-CF83CDFD5A68}.Debug|Any CPU.Build.0 = Debug|Any CPU
		{D9BDE8AA-6437-4935-8BB9-CF83CDFD5A68}.Release|Any CPU.ActiveCfg = Release|Any CPU
		{D9BDE8AA-6437-4935-8BB9-CF83CDFD5A68}.Release|Any CPU.Build.0 = Release|Any CPU
	EndGlobalSection
EndGlobal
